
Microsoft Visual Studio Solution File, Format Version 12.00
# Visual Studio Version 16
VisualStudioVersion = 16.0.31424.327
MinimumVisualStudioVersion = 10.0.40219.1
Project("{8BC9CEB8-8B4A-11D0-8D11-00A0C91BC942}") = "MyDriver1", "MyDriver1\MyDriver1.vcxproj", "{95B8DDA2-4B76-4432-BF9F-39B4B41891B5}"
EndProject
Project("{8BC9CEB8-8B4A-11D0-8D11-00A0C91BC942}") = "driverLoader", "driverLoader\driverLoader.vcxproj", "{E9E07E72-F3FE-4ACE-A93C-F76E21306F45}"
EndProject
Project("{8BC9CEB8-8B4A-11D0-8D11-00A0C91BC942}") = "userApp1", "userApp1\userApp1.vcxproj", "{20FE77DA-A1A5-4A3B-948E-CB6A1A1EEFAC}"
EndProject
Global
	GlobalSection(SolutionConfigurationPlatforms) = preSolution
		Debug|ARM = Debug|ARM
		Debug|ARM64 = Debug|ARM64
		Debug|x64 = Debug|x64
		Debug|x86 = Debug|x86
		Release|ARM = Release|ARM
		Release|ARM64 = Release|ARM64
		Release|x64 = Release|x64
		Release|x86 = Release|x86
	EndGlobalSection
	GlobalSection(ProjectConfigurationPlatforms) = postSolution
		{95B8DDA2-4B76-4432-BF9F-39B4B41891B5}.Debug|ARM.ActiveCfg = Debug|ARM
		{95B8DDA2-4B76-4432-BF9F-39B4B41891B5}.Debug|ARM.Build.0 = Debug|ARM
		{95B8DDA2-4B76-4432-BF9F-39B4B41891B5}.Debug|ARM.Deploy.0 = Debug|ARM
		{95B8DDA2-4B76-4432-BF9F-39B4B41891B5}.Debug|ARM64.ActiveCfg = Debug|ARM64
		{95B8DDA2-4B76-4432-BF9F-39B4B41891B5}.Debug|ARM64.Build.0 = Debug|ARM64
		{95B8DDA2-4B76-4432-BF9F-39B4B41891B5}.Debug|ARM64.Deploy.0 = Debug|ARM64
		{95B8DDA2-4B76-4432-BF9F-39B4B41891B5}.Debug|x64.ActiveCfg = Debug|x64
		{95B8DDA2-4B76-4432-BF9F-39B4B41891B5}.Debug|x64.Build.0 = Debug|x64
		{95B8DDA2-4B76-4432-BF9F-39B4B41891B5}.Debug|x64.Deploy.0 = Debug|x64
		{95B8DDA2-4B76-4432-BF9F-39B4B41891B5}.Debug|x86.ActiveCfg = Debug|Win32
		{95B8DDA2-4B76-4432-BF9F-39B4B41891B5}.Debug|x86.Build.0 = Debug|Win32
		{95B8DDA2-4B76-4432-BF9F-39B4B41891B5}.Debug|x86.Deploy.0 = Debug|Win32
		{95B8DDA2-4B76-4432-BF9F-39B4B41891B5}.Release|ARM.ActiveCfg = Release|ARM
		{95B8DDA2-4B76-4432-BF9F-39B4B41891B5}.Release|ARM.Build.0 = Release|ARM
		{95B8DDA2-4B76-4432-BF9F-39B4B41891B5}.Release|ARM.Deploy.0 = Release|ARM
		{95B8DDA2-4B76-4432-BF9F-39B4B41891B5}.Release|ARM64.ActiveCfg = Release|ARM64
		{95B8DDA2-4B76-4432-BF9F-39B4B41891B5}.Release|ARM64.Build.0 = Release|ARM64
		{95B8DDA2-4B76-4432-BF9F-39B4B41891B5}.Release|ARM64.Deploy.0 = Release|ARM64
		{95B8DDA2-4B76-4432-BF9F-39B4B41891B5}.Release|x64.ActiveCfg = Release|x64
		{95B8DDA2-4B76-4432-BF9F-39B4B41891B5}.Release|x64.Build.0 = Release|x64
		{95B8DDA2-4B76-4432-BF9F-39B4B41891B5}.Release|x64.Deploy.0 = Release|x64
		{95B8DDA2-4B76-4432-BF9F-39B4B41891B5}.Release|x86.ActiveCfg = Release|Win32
		{95B8DDA2-4B76-4432-BF9F-39B4B41891B5}.Release|x86.Build.0 = Release|Win32
		{95B8DDA2-4B76-4432-BF9F-39B4B41891B5}.Release|x86.Deploy.0 = Release|Win32
		{E9E07E72-F3FE-4ACE-A93C-F76E21306F45}.Debug|ARM.ActiveCfg = Debug|Win32
		{E9E07E72-F3FE-4ACE-A93C-F76E21306F45}.Debug|ARM64.ActiveCfg = Debug|Win32
		{E9E07E72-F3FE-4ACE-A93C-F76E21306F45}.Debug|x64.ActiveCfg = Debug|x64
		{E9E07E72-F3FE-4ACE-A93C-F76E21306F45}.Debug|x64.Build.0 = Debug|x64
		{E9E07E72-F3FE-4ACE-A93C-F76E21306F45}.Debug|x86.ActiveCfg = Debug|Win32
		{E9E07E72-F3FE-4ACE-A93C-F76E21306F45}.Debug|x86.Build.0 = Debug|Win32
		{E9E07E72-F3FE-4ACE-A93C-F76E21306F45}.Release|ARM.ActiveCfg = Release|Win32
		{E9E07E72-F3FE-4ACE-A93C-F76E21306F45}.Release|ARM64.ActiveCfg = Release|Win32
		{E9E07E72-F3FE-4ACE-A93C-F76E21306F45}.Release|x64.ActiveCfg = Release|x64
		{E9E07E72-F3FE-4ACE-A93C-F76E21306F45}.Release|x64.Build.0 = Release|x64
		{E9E07E72-F3FE-4ACE-A93C-F76E21306F45}.Release|x86.ActiveCfg = Release|Win32
		{E9E07E72-F3FE-4ACE-A93C-F76E21306F45}.Release|x86.Build.0 = Release|Win32
		{20FE77DA-A1A5-4A3B-948E-CB6A1A1EEFAC}.Debug|ARM.ActiveCfg = Debug|Win32
		{20FE77DA-A1A5-4A3B-948E-CB6A1A1EEFAC}.Debug|ARM64.ActiveCfg = Debug|Win32
		{20FE77DA-A1A5-4A3B-948E-CB6A1A1EEFAC}.Debug|x64.ActiveCfg = Debug|x64
		{20FE77DA-A1A5-4A3B-948E-CB6A1A1EEFAC}.Debug|x64.Build.0 = Debug|x64
		{20FE77DA-A1A5-4A3B-948E-CB6A1A1EEFAC}.Debug|x86.ActiveCfg = Debug|Win32
		{20FE77DA-A1A5-4A3B-948E-CB6A1A1EEFAC}.Debug|x86.Build.0 = Debug|Win32
		{20FE77DA-A1A5-4A3B-948E-CB6A1A1EEFAC}.Release|ARM.ActiveCfg = Release|Win32
		{20FE77DA-A1A5-4A3B-948E-CB6A1A1EEFAC}.Release|ARM64.ActiveCfg = Release|Win32
		{20FE77DA-A1A5-4A3B-948E-CB6A1A1EEFAC}.Release|x64.ActiveCfg = Release|x64
		{20FE77DA-A1A5-4A3B-948E-CB6A1A1EEFAC}.Release|x64.Build.0 = Release|x64
		{20FE77DA-A1A5-4A3B-948E-CB6A1A1EEFAC}.Release|x86.ActiveCfg = Release|Win32
		{20FE77DA-A1A5-4A3B-948E-CB6A1A1EEFAC}.Release|x86.Build.0 = Release|Win32
	EndGlobalSection
	GlobalSection(SolutionProperties) = preSolution
		HideSolutionNode = FALSE
	EndGlobalSection
	GlobalSection(ExtensibilityGlobals) = postSolution
		SolutionGuid = {4D227627-9B39-42DB-86F0-B44DA36EAC19}
	EndGlobalSection
EndGlobal
